// !$*UTF8*$!
{
	archiveVersion = 1;
	classes = {
	};
	objectVersion = 50;
	objects = {

/* Begin PBXBuildFile section */
		A85B367920DFD467006556AF /* Quantum Icon-02.icns in Resources */ = {isa = PBXBuildFile; fileRef = A85B367820DFD467006556AF /* Quantum Icon-02.icns */; };
		A88BF4A220DE57E600938550 /* AppDelegate.swift in Sources */ = {isa = PBXBuildFile; fileRef = A88BF4A120DE57E600938550 /* AppDelegate.swift */; };
		A88BF4A420DE57E600938550 /* ViewController.swift in Sources */ = {isa = PBXBuildFile; fileRef = A88BF4A320DE57E600938550 /* ViewController.swift */; };
		A88BF4A620DE57E600938550 /* Document.swift in Sources */ = {isa = PBXBuildFile; fileRef = A88BF4A520DE57E600938550 /* Document.swift */; };
		A88BF4A820DE57F000938550 /* Assets.xcassets in Resources */ = {isa = PBXBuildFile; fileRef = A88BF4A720DE57F000938550 /* Assets.xcassets */; };
		A88BF4AB20DE57F000938550 /* Main.storyboard in Resources */ = {isa = PBXBuildFile; fileRef = A88BF4A920DE57F000938550 /* Main.storyboard */; };
/* End PBXBuildFile section */

/* Begin PBXFileReference section */
		A85B367820DFD467006556AF /* Quantum Icon-02.icns */ = {isa = PBXFileReference; lastKnownFileType = image.icns; path = "Quantum Icon-02.icns"; sourceTree = "<group>"; };
		A88BF49E20DE57E600938550 /* Quantum.app */ = {isa = PBXFileReference; explicitFileType = wrapper.application; includeInIndex = 0; path = Quantum.app; sourceTree = BUILT_PRODUCTS_DIR; };
		A88BF4A120DE57E600938550 /* AppDelegate.swift */ = {isa = PBXFileReference; lastKnownFileType = sourcecode.swift; path = AppDelegate.swift; sourceTree = "<group>"; };
		A88BF4A320DE57E600938550 /* ViewController.swift */ = {isa = PBXFileReference; lastKnownFileType = sourcecode.swift; path = ViewController.swift; sourceTree = "<group>"; };
		A88BF4A520DE57E600938550 /* Document.swift */ = {isa = PBXFileReference; lastKnownFileType = sourcecode.swift; path = Document.swift; sourceTree = "<group>"; };
		A88BF4A720DE57F000938550 /* Assets.xcassets */ = {isa = PBXFileReference; lastKnownFileType = folder.assetcatalog; path = Assets.xcassets; sourceTree = "<group>"; };
		A88BF4AA20DE57F000938550 /* Base */ = {isa = PBXFileReference; lastKnownFileType = file.storyboard; name = Base; path = Base.lproj/Main.storyboard; sourceTree = "<group>"; };
		A88BF4AC20DE57F000938550 /* Info.plist */ = {isa = PBXFileReference; lastKnownFileType = text.plist.xml; path = Info.plist; sourceTree = "<group>"; };
		A88BF4D120DEBE3000938550 /* Quantum.entitlements */ = {isa = PBXFileReference; lastKnownFileType = text.plist.entitlements; path = Quantum.entitlements; sourceTree = "<group>"; };
/* End PBXFileReference section */

/* Begin PBXFrameworksBuildPhase section */
		A88BF49B20DE57E600938550 /* Frameworks */ = {
			isa = PBXFrameworksBuildPhase;
			buildActionMask = 2147483647;
			files = (
			);
			runOnlyForDeploymentPostprocessing = 0;
		};
/* End PBXFrameworksBuildPhase section */

/* Begin PBXGroup section */
		A88BF49520DE57E600938550 = {
			isa = PBXGroup;
			children = (
				A88BF4A020DE57E600938550 /* Quantum */,
				A88BF49F20DE57E600938550 /* Products */,
			);
			sourceTree = "<group>";
		};
		A88BF49F20DE57E600938550 /* Products */ = {
			isa = PBXGroup;
			children = (
				A88BF49E20DE57E600938550 /* Quantum.app */,
			);
			name = Products;
			sourceTree = "<group>";
		};
		A88BF4A020DE57E600938550 /* Quantum */ = {
			isa = PBXGroup;
			children = (
				A88BF4D120DEBE3000938550 /* Quantum.entitlements */,
				A88BF4A120DE57E600938550 /* AppDelegate.swift */,
				A88BF4A320DE57E600938550 /* ViewController.swift */,
				A88BF4A520DE57E600938550 /* Document.swift */,
				A88BF4A720DE57F000938550 /* Assets.xcassets */,
				A88BF4A920DE57F000938550 /* Main.storyboard */,
				A85B367820DFD467006556AF /* Quantum Icon-02.icns */,
				A88BF4AC20DE57F000938550 /* Info.plist */,
			);
			path = Quantum;
			sourceTree = "<group>";
		};
/* End PBXGroup section */

/* Begin PBXNativeTarget section */
		A88BF49D20DE57E600938550 /* Quantum */ = {
			isa = PBXNativeTarget;
			buildConfigurationList = A88BF4B020DE57F000938550 /* Build configuration list for PBXNativeTarget "Quantum" */;
			buildPhases = (
				A88BF49A20DE57E600938550 /* Sources */,
				A88BF49B20DE57E600938550 /* Frameworks */,
				A88BF49C20DE57E600938550 /* Resources */,
			);
			buildRules = (
			);
			dependencies = (
			);
			name = Quantum;
			productName = Doc.IO;
			productReference = A88BF49E20DE57E600938550 /* Quantum.app */;
			productType = "com.apple.product-type.application";
		};
/* End PBXNativeTarget section */

/* Begin PBXProject section */
		A88BF49620DE57E600938550 /* Project object */ = {
			isa = PBXProject;
			attributes = {
				LastSwiftUpdateCheck = 0940;
				LastUpgradeCheck = 0940;
				ORGANIZATIONNAME = "Javax Inc.";
				TargetAttributes = {
					A88BF49D20DE57E600938550 = {
						CreatedOnToolsVersion = 9.4.1;
						SystemCapabilities = {
							com.apple.Sandbox = {
								enabled = 1;
							};
						};
					};
				};
			};
			buildConfigurationList = A88BF49920DE57E600938550 /* Build configuration list for PBXProject "Quantum" */;
			compatibilityVersion = "Xcode 9.3";
			developmentRegion = en;
			hasScannedForEncodings = 0;
			knownRegions = (
				en,
				Base,
			);
			mainGroup = A88BF49520DE57E600938550;
			productRefGroup = A88BF49F20DE57E600938550 /* Products */;
			projectDirPath = "";
			projectRoot = "";
			targets = (
				A88BF49D20DE57E600938550 /* Quantum */,
			);
		};
/* End PBXProject section */

/* Begin PBXResourcesBuildPhase section */
		A88BF49C20DE57E600938550 /* Resources */ = {
			isa = PBXResourcesBuildPhase;
			buildActionMask = 2147483647;
			files = (
				A88BF4A820DE57F000938550 /* Assets.xcassets in Resources */,
				A88BF4AB20DE57F000938550 /* Main.storyboard in Resources */,
				A85B367920DFD467006556AF /* Quantum Icon-02.icns in Resources */,
			);
			runOnlyForDeploymentPostprocessing = 0;
		};
/* End PBXResourcesBuildPhase section */

/* Begin PBXSourcesBuildPhase section */
		A88BF49A20DE57E600938550 /* Sources */ = {
			isa = PBXSourcesBuildPhase;
			buildActionMask = 2147483647;
			files = (
				A88BF4A420DE57E600938550 /* ViewController.swift in Sources */,
				A88BF4A220DE57E600938550 /* AppDelegate.swift in Sources */,
				A88BF4A620DE57E600938550 /* Document.swift in Sources */,
			);
			runOnlyForDeploymentPostprocessing = 0;
		};
/* End PBXSourcesBuildPhase section */

/* Begin PBXVariantGroup section */
		A88BF4A920DE57F000938550 /* Main.storyboard */ = {
			isa = PBXVariantGroup;
			children = (
				A88BF4AA20DE57F000938550 /* Base */,
			);
			name = Main.storyboard;
			sourceTree = "<group>";
		};
/* End PBXVariantGroup section */

/* Begin XCBuildConfiguration section */
		A88BF4AE20DE57F000938550 /* Debug */ = {
			isa = XCBuildConfiguration;
			buildSettings = {
				ALWAYS_SEARCH_USER_PATHS = NO;
				CLANG_ANALYZER_NONNULL = YES;
				CLANG_ANALYZER_NUMBER_OBJECT_CONVERSION = YES_AGGRESSIVE;
				CLANG_CXX_LANGUAGE_STANDARD = "gnu++14";
				CLANG_CXX_LIBRARY = "libc++";
				CLANG_ENABLE_MODULES = YES;
				CLANG_ENABLE_OBJC_ARC = YES;
				CLANG_ENABLE_OBJC_WEAK = YES;
				CLANG_WARN_BLOCK_CAPTURE_AUTORELEASING = YES;
				CLANG_WARN_BOOL_CONVERSION = YES;
				CLANG_WARN_COMMA = YES;
				CLANG_WARN_CONSTANT_CONVERSION = YES;
				CLANG_WARN_DEPRECATED_OBJC_IMPLEMENTATIONS = YES;
				CLANG_WARN_DIRECT_OBJC_ISA_USAGE = YES_ERROR;
				CLANG_WARN_DOCUMENTATION_COMMENTS = YES;
				CLANG_WARN_EMPTY_BODY = YES;
				CLANG_WARN_ENUM_CONVERSION = YES;
				CLANG_WARN_INFINITE_RECURSION = YES;
				CLANG_WARN_INT_CONVERSION = YES;
				CLANG_WARN_NON_LITERAL_NULL_CONVERSION = YES;
				CLANG_WARN_OBJC_IMPLICIT_RETAIN_SELF = YES;
				CLANG_WARN_OBJC_LITERAL_CONVERSION = YES;
				CLANG_WARN_OBJC_ROOT_CLASS = YES_ERROR;
				CLANG_WARN_RANGE_LOOP_ANALYSIS = YES;
				CLANG_WARN_STRICT_PROTOTYPES = YES;
				CLANG_WARN_SUSPICIOUS_MOVE = YES;
				CLANG_WARN_UNGUARDED_AVAILABILITY = YES_AGGRESSIVE;
				CLANG_WARN_UNREACHABLE_CODE = YES;
				CLANG_WARN__DUPLICATE_METHOD_MATCH = YES;
				CODE_SIGN_IDENTITY = "Mac Developer";
				COPY_PHASE_STRIP = NO;
				DEBUG_INFORMATION_FORMAT = dwarf;
				ENABLE_STRICT_OBJC_MSGSEND = YES;
				ENABLE_TESTABILITY = YES;
				GCC_C_LANGUAGE_STANDARD = gnu11;
				GCC_DYNAMIC_NO_PIC = NO;
				GCC_NO_COMMON_BLOCKS = YES;
				GCC_OPTIMIZATION_LEVEL = 0;
				GCC_PREPROCESSOR_DEFINITIONS = (
					"DEBUG=1",
					"$(inherited)",
				);
				GCC_WARN_64_TO_32_BIT_CONVERSION = YES;
				GCC_WARN_ABOUT_RETURN_TYPE = YES_ERROR;
				GCC_WARN_UNDECLARED_SELECTOR = YES;
				GCC_WARN_UNINITIALIZED_AUTOS = YES_AGGRESSIVE;
				GCC_WARN_UNUSED_FUNCTION = YES;
				GCC_WARN_UNUSED_VARIABLE = YES;
				MACOSX_DEPLOYMENT_TARGET = 10.13;
				MTL_ENABLE_DEBUG_INFO = YES;
				ONLY_ACTIVE_ARCH = YES;
				SDKROOT = macosx;
				SWIFT_ACTIVE_COMPILATION_CONDITIONS = DEBUG;
				SWIFT_OPTIMIZATION_LEVEL = "-Onone";
			};
			name = Debug;
		};
		A88BF4AF20DE57F000938550 /* Release */ = {
			isa = XCBuildConfiguration;
			buildSettings = {
				ALWAYS_SEARCH_USER_PATHS = NO;
				CLANG_ANALYZER_NONNULL = YES;
				CLANG_ANALYZER_NUMBER_OBJECT_CONVERSION = YES_AGGRESSIVE;
				CLANG_CXX_LANGUAGE_STANDARD = "gnu++14";
				CLANG_CXX_LIBRARY = "libc++";
				CLANG_ENABLE_MODULES = YES;
				CLANG_ENABLE_OBJC_ARC = YES;
				CLANG_ENABLE_OBJC_WEAK = YES;
				CLANG_WARN_BLOCK_CAPTURE_AUTORELEASING = YES;
				CLANG_WARN_BOOL_CONVERSION = YES;
				CLANG_WARN_COMMA = YES;
				CLANG_WARN_CONSTANT_CONVERSION = YES;
				CLANG_WARN_DEPRECATED_OBJC_IMPLEMENTATIONS = YES;
				CLANG_WARN_DIRECT_OBJC_ISA_USAGE = YES_ERROR;
				CLANG_WARN_DOCUMENTATION_COMMENTS = YES;
				CLANG_WARN_EMPTY_BODY = YES;
				CLANG_WARN_ENUM_CONVERSION = YES;
				CLANG_WARN_INFINITE_RECURSION = YES;
				CLANG_WARN_INT_CONVERSION = YES;
				CLANG_WARN_NON_LITERAL_NULL_CONVERSION = YES;
				CLANG_WARN_OBJC_IMPLICIT_RETAIN_SELF = YES;
				CLANG_WARN_OBJC_LITERAL_CONVERSION = YES;
				CLANG_WARN_OBJC_ROOT_CLASS = YES_ERROR;
				CLANG_WARN_RANGE_LOOP_ANALYSIS = YES;
				CLANG_WARN_STRICT_PROTOTYPES = YES;
				CLANG_WARN_SUSPICIOUS_MOVE = YES;
				CLANG_WARN_UNGUARDED_AVAILABILITY = YES_AGGRESSIVE;
				CLANG_WARN_UNREACHABLE_CODE = YES;
				CLANG_WARN__DUPLICATE_METHOD_MATCH = YES;
				CODE_SIGN_IDENTITY = "Mac Developer";
				COPY_PHASE_STRIP = NO;
				DEBUG_INFORMATION_FORMAT = "dwarf-with-dsym";
				ENABLE_NS_ASSERTIONS = NO;
				ENABLE_STRICT_OBJC_MSGSEND = YES;
				GCC_C_LANGUAGE_STANDARD = gnu11;
				GCC_NO_COMMON_BLOCKS = YES;
				GCC_WARN_64_TO_32_BIT_CONVERSION = YES;
				GCC_WARN_ABOUT_RETURN_TYPE = YES_ERROR;
				GCC_WARN_UNDECLARED_SELECTOR = YES;
				GCC_WARN_UNINITIALIZED_AUTOS = YES_AGGRESSIVE;
				GCC_WARN_UNUSED_FUNCTION = YES;
				GCC_WARN_UNUSED_VARIABLE = YES;
				MACOSX_DEPLOYMENT_TARGET = 10.13;
				MTL_ENABLE_DEBUG_INFO = NO;
				SDKROOT = macosx;
				SWIFT_COMPILATION_MODE = wholemodule;
				SWIFT_OPTIMIZATION_LEVEL = "-O";
			};
			name = Release;
		};
		A88BF4B120DE57F000938550 /* Debug */ = {
			isa = XCBuildConfiguration;
			buildSettings = {
				ASSETCATALOG_COMPILER_APPICON_NAME = AppIcon;
				CODE_SIGN_ENTITLEMENTS = Quantum/Quantum.entitlements;
				CODE_SIGN_STYLE = Automatic;
				COMBINE_HIDPI_IMAGES = YES;
				DEVELOPMENT_TEAM = 6B4P7WAZGB;
				ENABLE_ONLY_ACTIVE_RESOURCES = NO;
				INFOPLIST_FILE = "$(SRCROOT)/Quantum/Info.plist";
				LD_RUNPATH_SEARCH_PATHS = (
					"$(inherited)",
					"@executable_path/../Frameworks",
				);
				PRODUCT_BUNDLE_IDENTIFIER = "net.Javax-Inc.Doc-IO";
				PRODUCT_NAME = "$(TARGET_NAME)";
				SWIFT_VERSION = 4.0;
			};
			name = Debug;
		};
		A88BF4B220DE57F000938550 /* Release */ = {
			isa = XCBuildConfiguration;
			buildSettings = {
				ASSETCATALOG_COMPILER_APPICON_NAME = AppIcon;
				CODE_SIGN_ENTITLEMENTS = Quantum/Quantum.entitlements;
				CODE_SIGN_STYLE = Automatic;
				COMBINE_HIDPI_IMAGES = YES;
				DEVELOPMENT_TEAM = 6B4P7WAZGB;
				ENABLE_ONLY_ACTIVE_RESOURCES = NO;
				INFOPLIST_FILE = "$(SRCROOT)/Quantum/Info.plist";
				LD_RUNPATH_SEARCH_PATHS = (
					"$(inherited)",
					"@executable_path/../Frameworks",
				);
				PRODUCT_BUNDLE_IDENTIFIER = "net.Javax-Inc.Doc-IO";
				PRODUCT_NAME = "$(TARGET_NAME)";
				SWIFT_VERSION = 4.0;
			};
			name = Release;
		};
/* End XCBuildConfiguration section */

/* Begin XCConfigurationList section */
		A88BF49920DE57E600938550 /* Build configuration list for PBXProject "Quantum" */ = {
			isa = XCConfigurationList;
			buildConfigurations = (
				A88BF4AE20DE57F000938550 /* Debug */,
				A88BF4AF20DE57F000938550 /* Release */,
			);
			defaultConfigurationIsVisible = 0;
			defaultConfigurationName = Release;
		};
		A88BF4B020DE57F000938550 /* Build configuration list for PBXNativeTarget "Quantum" */ = {
			isa = XCConfigurationList;
			buildConfigurations = (
				A88BF4B120DE57F000938550 /* Debug */,
				A88BF4B220DE57F000938550 /* Release */,
			);
			defaultConfigurationIsVisible = 0;
			defaultConfigurationName = Release;
		};
/* End XCConfigurationList section */
	};
	rootObject = A88BF49620DE57E600938550 /* Project object */;
}
